
Microsoft Visual Studio Solution File, Format Version 12.00
# Visual Studio 14
VisualStudioVersion = 14.0.25123.0
MinimumVisualStudioVersion = 10.0.40219.1
Project("{8BC9CEB8-8B4A-11D0-8D11-00A0C91BC942}") = "WiFiWebRelaySrv", "WiFiWebRelaySrv.vcxproj", "{536A0E35-CDF1-4E46-BE71-0D90CAE6C7DA}"
EndProject
Global
	GlobalSection(SolutionConfigurationPlatforms) = preSolution
		Debug|x64 = Debug|x64
		Debug|x86 = Debug|x86
		Release|x64 = Release|x64
		Release|x86 = Release|x86
	EndGlobalSection
	GlobalSection(ProjectConfigurationPlatforms) = postSolution
		{536A0E35-CDF1-4E46-BE71-0D90CAE6C7DA}.Debug|x64.ActiveCfg = Debug|x64
		{536A0E35-CDF1-4E46-BE71-0D90CAE6C7DA}.Debug|x64.Build.0 = Debug|x64
		{536A0E35-CDF1-4E46-BE71-0D90CAE6C7DA}.Debug|x86.ActiveCfg = Debug|Win32
		{536A0E35-CDF1-4E46-BE71-0D90CAE6C7DA}.Debug|x86.Build.0 = Debug|Win32
		{536A0E35-CDF1-4E46-BE71-0D90CAE6C7DA}.Release|x64.ActiveCfg = Release|x64
		{536A0E35-CDF1-4E46-BE71-0D90CAE6C7DA}.Release|x64.Build.0 = Release|x64
		{536A0E35-CDF1-4E46-BE71-0D90CAE6C7DA}.Release|x86.ActiveCfg = Release|Win32
		{536A0E35-CDF1-4E46-BE71-0D90CAE6C7DA}.Release|x86.Build.0 = Release|Win32
	EndGlobalSection
	GlobalSection(SolutionProperties) = preSolution
		HideSolutionNode = FALSE
	EndGlobalSection
EndGlobal
